// !$*UTF8*$!
{
	archiveVersion = 1;
	classes = {
	};
	objectVersion = 77;
	objects = {

/* Begin PBXContainerItemProxy section */
		FE2430632EF4BCDC00BCA4CA /* PBXContainerItemProxy */ = {
			isa = PBXContainerItemProxy;
			containerPortal = FE2430442EF4BCDA00BCA4CA /* Project object */;
			proxyType = 1;
			remoteGlobalIDString = FE24304B2EF4BCDA00BCA4CA;
			remoteInfo = "film-box-app";
		};
		FE24306D2EF4BCDC00BCA4CA /* PBXContainerItemProxy */ = {
			isa = PBXContainerItemProxy;
			containerPortal = FE2430442EF4BCDA00BCA4CA /* Project object */;
			proxyType = 1;
			remoteGlobalIDString = FE24304B2EF4BCDA00BCA4CA;
			remoteInfo = "film-box-app";
		};
/* End PBXContainerItemProxy section */

/* Begin PBXFileReference section */
		FE24304C2EF4BCDA00BCA4CA /* film-box-app.app */ = {isa = PBXFileReference; explicitFileType = wrapper.application; includeInIndex = 0; path = "film-box-app.app"; sourceTree = BUILT_PRODUCTS_DIR; };
		FE2430622EF4BCDC00BCA4CA /* film-box-appTests.xctest */ = {isa = PBXFileReference; explicitFileType = wrapper.cfbundle; includeInIndex = 0; path = "film-box-appTests.xctest"; sourceTree = BUILT_PRODUCTS_DIR; };
		FE24306C2EF4BCDC00BCA4CA /* film-box-appUITests.xctest */ = {isa = PBXFileReference; explicitFileType = wrapper.cfbundle; includeInIndex = 0; path = "film-box-appUITests.xctest"; sourceTree = BUILT_PRODUCTS_DIR; };
/* End PBXFileReference section */

/* Begin PBXFileSystemSynchronizedBuildFileExceptionSet section */
		FE2430742EF4BCDC00BCA4CA /* Exceptions for "film-box-app" folder in "film-box-app" target */ = {
			isa = PBXFileSystemSynchronizedBuildFileExceptionSet;
			membershipExceptions = (
				Info.plist,
			);
			target = FE24304B2EF4BCDA00BCA4CA /* film-box-app */;
		};
/* End PBXFileSystemSynchronizedBuildFileExceptionSet section */

/* Begin PBXFileSystemSynchronizedRootGroup section */
		FE24304E2EF4BCDA00BCA4CA /* film-box-app */ = {
			isa = PBXFileSystemSynchronizedRootGroup;
			exceptions = (
				FE2430742EF4BCDC00BCA4CA /* Exceptions for "film-box-app" folder in "film-box-app" target */,
			);
			path = "film-box-app";
			sourceTree = "<group>";
		};
		FE2430652EF4BCDC00BCA4CA /* film-box-appTests */ = {
			isa = PBXFileSystemSynchronizedRootGroup;
			path = "film-box-appTests";
			sourceTree = "<group>";
		};
		FE24306F2EF4BCDC00BCA4CA /* film-box-appUITests */ = {
			isa = PBXFileSystemSynchronizedRootGroup;
			path = "film-box-appUITests";
			sourceTree = "<group>";
		};
/* End PBXFileSystemSynchronizedRootGroup section */

/* Begin PBXFrameworksBuildPhase section */
		FE2430492EF4BCDA00BCA4CA /* Frameworks */ = {
			isa = PBXFrameworksBuildPhase;
			buildActionMask = 2147483647;
			files = (
			);
			runOnlyForDeploymentPostprocessing = 0;
		};
		FE24305F2EF4BCDC00BCA4CA /* Frameworks */ = {
			isa = PBXFrameworksBuildPhase;
			buildActionMask = 2147483647;
			files = (
			);
			runOnlyForDeploymentPostprocessing = 0;
		};
		FE2430692EF4BCDC00BCA4CA /* Frameworks */ = {
			isa = PBXFrameworksBuildPhase;
			buildActionMask = 2147483647;
			files = (
			);
			runOnlyForDeploymentPostprocessing = 0;
		};
/* End PBXFrameworksBuildPhase section */

/* Begin PBXGroup section */
		FE2430432EF4BCDA00BCA4CA = {
			isa = PBXGroup;
			children = (
				FE24304E2EF4BCDA00BCA4CA /* film-box-app */,
				FE2430652EF4BCDC00BCA4CA /* film-box-appTests */,
				FE24306F2EF4BCDC00BCA4CA /* film-box-appUITests */,
				FE24304D2EF4BCDA00BCA4CA /* Products */,
			);
			sourceTree = "<group>";
		};
		FE24304D2EF4BCDA00BCA4CA /* Products */ = {
			isa = PBXGroup;
			children = (
				FE24304C2EF4BCDA00BCA4CA /* film-box-app.app */,
				FE2430622EF4BCDC00BCA4CA /* film-box-appTests.xctest */,
				FE24306C2EF4BCDC00BCA4CA /* film-box-appUITests.xctest */,
			);
			name = Products;
			sourceTree = "<group>";
		};
/* End PBXGroup section */

/* Begin PBXNativeTarget section */
		FE24304B2EF4BCDA00BCA4CA /* film-box-app */ = {
			isa = PBXNativeTarget;
			buildConfigurationList = FE2430752EF4BCDC00BCA4CA /* Build configuration list for PBXNativeTarget "film-box-app" */;
			buildPhases = (
				FE2430482EF4BCDA00BCA4CA /* Sources */,
				FE2430492EF4BCDA00BCA4CA /* Frameworks */,
				FE24304A2EF4BCDA00BCA4CA /* Resources */,
			);
			buildRules = (
			);
			dependencies = (
			);
			fileSystemSynchronizedGroups = (
				FE24304E2EF4BCDA00BCA4CA /* film-box-app */,
			);
			name = "film-box-app";
			packageProductDependencies = (
			);
			productName = "film-box-app";
			productReference = FE24304C2EF4BCDA00BCA4CA /* film-box-app.app */;
			productType = "com.apple.product-type.application";
		};
		FE2430612EF4BCDC00BCA4CA /* film-box-appTests */ = {
			isa = PBXNativeTarget;
			buildConfigurationList = FE24307A2EF4BCDC00BCA4CA /* Build configuration list for PBXNativeTarget "film-box-appTests" */;
			buildPhases = (
				FE24305E2EF4BCDC00BCA4CA /* Sources */,
				FE24305F2EF4BCDC00BCA4CA /* Frameworks */,
				FE2430602EF4BCDC00BCA4CA /* Resources */,
			);
			buildRules = (
			);
			dependencies = (
				FE2430642EF4BCDC00BCA4CA /* PBXTargetDependency */,
			);
			fileSystemSynchronizedGroups = (
				FE2430652EF4BCDC00BCA4CA /* film-box-appTests */,
			);
			name = "film-box-appTests";
			packageProductDependencies = (
			);
			productName = "film-box-appTests";
			productReference = FE2430622EF4BCDC00BCA4CA /* film-box-appTests.xctest */;
			productType = "com.apple.product-type.bundle.unit-test";
		};
		FE24306B2EF4BCDC00BCA4CA /* film-box-appUITests */ = {
			isa = PBXNativeTarget;
			buildConfigurationList = FE24307D2EF4BCDC00BCA4CA /* Build configuration list for PBXNativeTarget "film-box-appUITests" */;
			buildPhases = (
				FE2430682EF4BCDC00BCA4CA /* Sources */,
				FE2430692EF4BCDC00BCA4CA /* Frameworks */,
				FE24306A2EF4BCDC00BCA4CA /* Resources */,
			);
			buildRules = (
			);
			dependencies = (
				FE24306E2EF4BCDC00BCA4CA /* PBXTargetDependency */,
			);
			fileSystemSynchronizedGroups = (
				FE24306F2EF4BCDC00BCA4CA /* film-box-appUITests */,
			);
			name = "film-box-appUITests";
			packageProductDependencies = (
			);
			productName = "film-box-appUITests";
			productReference = FE24306C2EF4BCDC00BCA4CA /* film-box-appUITests.xctest */;
			productType = "com.apple.product-type.bundle.ui-testing";
		};
/* End PBXNativeTarget section */

/* Begin PBXProject section */
		FE2430442EF4BCDA00BCA4CA /* Project object */ = {
			isa = PBXProject;
			attributes = {
				BuildIndependentTargetsInParallel = 1;
				LastSwiftUpdateCheck = 2620;
				LastUpgradeCheck = 2620;
				TargetAttributes = {
					FE24304B2EF4BCDA00BCA4CA = {
						CreatedOnToolsVersion = 26.2;
					};
					FE2430612EF4BCDC00BCA4CA = {
						CreatedOnToolsVersion = 26.2;
						TestTargetID = FE24304B2EF4BCDA00BCA4CA;
					};
					FE24306B2EF4BCDC00BCA4CA = {
						CreatedOnToolsVersion = 26.2;
						TestTargetID = FE24304B2EF4BCDA00BCA4CA;
					};
				};
			};
			buildConfigurationList = FE2430472EF4BCDA00BCA4CA /* Build configuration list for PBXProject "film-box-app" */;
			developmentRegion = en;
			hasScannedForEncodings = 0;
			knownRegions = (
				en,
				Base,
				"pt-BR",
			);
			mainGroup = FE2430432EF4BCDA00BCA4CA;
			minimizedProjectReferenceProxies = 1;
			preferredProjectObjectVersion = 77;
			productRefGroup = FE24304D2EF4BCDA00BCA4CA /* Products */;
			projectDirPath = "";
			projectRoot = "";
			targets = (
				FE24304B2EF4BCDA00BCA4CA /* film-box-app */,
				FE2430612EF4BCDC00BCA4CA /* film-box-appTests */,
				FE24306B2EF4BCDC00BCA4CA /* film-box-appUITests */,
			);
		};
/* End PBXProject section */

/* Begin PBXResourcesBuildPhase section */
		FE24304A2EF4BCDA00BCA4CA /* Resources */ = {
			isa = PBXResourcesBuildPhase;
			buildActionMask = 2147483647;
			files = (
			);
			runOnlyForDeploymentPostprocessing = 0;
		};
		FE2430602EF4BCDC00BCA4CA /* Resources */ = {
			isa = PBXResourcesBuildPhase;
			buildActionMask = 2147483647;
			files = (
			);
			runOnlyForDeploymentPostprocessing = 0;
		};
		FE24306A2EF4BCDC00BCA4CA /* Resources */ = {
			isa = PBXResourcesBuildPhase;
			buildActionMask = 2147483647;
			files = (
			);
			runOnlyForDeploymentPostprocessing = 0;
		};
/* End PBXResourcesBuildPhase section */

/* Begin PBXSourcesBuildPhase section */
		FE2430482EF4BCDA00BCA4CA /* Sources */ = {
			isa = PBXSourcesBuildPhase;
			buildActionMask = 2147483647;
			files = (
			);
			runOnlyForDeploymentPostprocessing = 0;
		};
		FE24305E2EF4BCDC00BCA4CA /* Sources */ = {
			isa = PBXSourcesBuildPhase;
			buildActionMask = 2147483647;
			files = (
			);
			runOnlyForDeploymentPostprocessing = 0;
		};
		FE2430682EF4BCDC00BCA4CA /* Sources */ = {
			isa = PBXSourcesBuildPhase;
			buildActionMask = 2147483647;
			files = (
			);
			runOnlyForDeploymentPostprocessing = 0;
		};
/* End PBXSourcesBuildPhase section */

/* Begin PBXTargetDependency section */
		FE2430642EF4BCDC00BCA4CA /* PBXTargetDependency */ = {
			isa = PBXTargetDependency;
			target = FE24304B2EF4BCDA00BCA4CA /* film-box-app */;
			targetProxy = FE2430632EF4BCDC00BCA4CA /* PBXContainerItemProxy */;
		};
		FE24306E2EF4BCDC00BCA4CA /* PBXTargetDependency */ = {
			isa = PBXTargetDependency;
			target = FE24304B2EF4BCDA00BCA4CA /* film-box-app */;
			targetProxy = FE24306D2EF4BCDC00BCA4CA /* PBXContainerItemProxy */;
		};
/* End PBXTargetDependency section */

/* Begin XCBuildConfiguration section */
		FE2430762EF4BCDC00BCA4CA /* Debug */ = {
			isa = XCBuildConfiguration;
			buildSettings = {
				ASSETCATALOG_COMPILER_APPICON_NAME = AppIcon;
				ASSETCATALOG_COMPILER_GLOBAL_ACCENT_COLOR_NAME = AccentColor;
				CODE_SIGN_STYLE = Automatic;
				CURRENT_PROJECT_VERSION = 1;
				DEVELOPMENT_TEAM = CZM8PU3P9W;
				GENERATE_INFOPLIST_FILE = YES;
				INFOPLIST_FILE = "$(SRCROOT)/film-box-app/Info.plist";
				INFOPLIST_KEY_CFBundleDisplayName = "Film Box";
				INFOPLIST_KEY_UIApplicationSupportsIndirectInputEvents = YES;
				INFOPLIST_KEY_UILaunchStoryboardName = LaunchScreen;
				INFOPLIST_KEY_UIMainStoryboardFile = Main;
				INFOPLIST_KEY_UISupportedInterfaceOrientations = UIInterfaceOrientationPortrait;
				IPHONEOS_DEPLOYMENT_TARGET = 18.6;
				LD_RUNPATH_SEARCH_PATHS = (
					"$(inherited)",
					"@executable_path/Frameworks",
				);
				MARKETING_VERSION = 1.0;
				PRODUCT_BUNDLE_IDENTIFIER = "com.geovanelima.film-box-app";
				PRODUCT_NAME = "$(TARGET_NAME)";
				STRING_CATALOG_GENERATE_SYMBOLS = YES;
				SWIFT_APPROACHABLE_CONCURRENCY = YES;
				SWIFT_DEFAULT_ACTOR_ISOLATION = MainActor;
				SWIFT_EMIT_LOC_STRINGS = YES;
				SWIFT_UPCOMING_FEATURE_MEMBER_IMPORT_VISIBILITY = YES;
				SWIFT_VERSION = 5.0;
				TARGETED_DEVICE_FAMILY = "1,2";
			};
			name = Debug;
		};
		FE2430772EF4BCDC00BCA4CA /* Release */ = {
			isa = XCBuildConfiguration;
			buildSettings = {
				ASSETCATALOG_COMPILER_APPICON_NAME = AppIcon;
				ASSETCATALOG_COMPILER_GLOBAL_ACCENT_COLOR_NAME = AccentColor;
				CODE_SIGN_STYLE = Automatic;
				CURRENT_PROJECT_VERSION = 1;
				DEVELOPMENT_TEAM = CZM8PU3P9W;
				GENERATE_INFOPLIST_FILE = YES;
				INFOPLIST_FILE = "$(SRCROOT)/film-box-app/Info.plist";
				INFOPLIST_KEY_CFBundleDisplayName = "Film Box";
				INFOPLIST_KEY_UIApplicationSupportsIndirectInputEvents = YES;
				INFOPLIST_KEY_UILaunchStoryboardName = LaunchScreen;
				INFOPLIST_KEY_UIMainStoryboardFile = Main;
				INFOPLIST_KEY_UISupportedInterfaceOrientations = UIInterfaceOrientationPortrait;
				IPHONEOS_DEPLOYMENT_TARGET = 18.6;
				LD_RUNPATH_SEARCH_PATHS = (
					"$(inherited)",
					"@executable_path/Frameworks",
				);
				MARKETING_VERSION = 1.0;
				PRODUCT_BUNDLE_IDENTIFIER = "com.geovanelima.film-box-app";
				PRODUCT_NAME = "$(TARGET_NAME)";
				STRING_CATALOG_GENERATE_SYMBOLS = YES;
				SWIFT_APPROACHABLE_CONCURRENCY = YES;
				SWIFT_DEFAULT_ACTOR_ISOLATION = MainActor;
				SWIFT_EMIT_LOC_STRINGS = YES;
				SWIFT_UPCOMING_FEATURE_MEMBER_IMPORT_VISIBILITY = YES;
				SWIFT_VERSION = 5.0;
				TARGETED_DEVICE_FAMILY = "1,2";
			};
			name = Release;
		};
		FE2430782EF4BCDC00BCA4CA /* Debug */ = {
			isa = XCBuildConfiguration;
			buildSettings = {
				ALWAYS_SEARCH_USER_PATHS = NO;
				ASSETCATALOG_COMPILER_GENERATE_SWIFT_ASSET_SYMBOL_EXTENSIONS = YES;
				CLANG_ANALYZER_NONNULL = YES;
				CLANG_ANALYZER_NUMBER_OBJECT_CONVERSION = YES_AGGRESSIVE;
				CLANG_CXX_LANGUAGE_STANDARD = "gnu++20";
				CLANG_ENABLE_MODULES = YES;
				CLANG_ENABLE_OBJC_ARC = YES;
				CLANG_ENABLE_OBJC_WEAK = YES;
				CLANG_WARN_BLOCK_CAPTURE_AUTORELEASING = YES;
				CLANG_WARN_BOOL_CONVERSION = YES;
				CLANG_WARN_COMMA = YES;
				CLANG_WARN_CONSTANT_CONVERSION = YES;
				CLANG_WARN_DEPRECATED_OBJC_IMPLEMENTATIONS = YES;
				CLANG_WARN_DIRECT_OBJC_ISA_USAGE = YES_ERROR;
				CLANG_WARN_DOCUMENTATION_COMMENTS = YES;
				CLANG_WARN_EMPTY_BODY = YES;
				CLANG_WARN_ENUM_CONVERSION = YES;
				CLANG_WARN_INFINITE_RECURSION = YES;
				CLANG_WARN_INT_CONVERSION = YES;
				CLANG_WARN_NON_LITERAL_NULL_CONVERSION = YES;
				CLANG_WARN_OBJC_IMPLICIT_RETAIN_SELF = YES;
				CLANG_WARN_OBJC_LITERAL_CONVERSION = YES;
				CLANG_WARN_OBJC_ROOT_CLASS = YES_ERROR;
				CLANG_WARN_QUOTED_INCLUDE_IN_FRAMEWORK_HEADER = YES;
				CLANG_WARN_RANGE_LOOP_ANALYSIS = YES;
				CLANG_WARN_STRICT_PROTOTYPES = YES;
				CLANG_WARN_SUSPICIOUS_MOVE = YES;
				CLANG_WARN_UNGUARDED_AVAILABILITY = YES_AGGRESSIVE;
				CLANG_WARN_UNREACHABLE_CODE = YES;
				CLANG_WARN__DUPLICATE_METHOD_MATCH = YES;
				COPY_PHASE_STRIP = NO;
				DEBUG_INFORMATION_FORMAT = dwarf;
				ENABLE_STRICT_OBJC_MSGSEND = YES;
				ENABLE_TESTABILITY = YES;
				ENABLE_USER_SCRIPT_SANDBOXING = YES;
				GCC_C_LANGUAGE_STANDARD = gnu17;
				GCC_DYNAMIC_NO_PIC = NO;
				GCC_NO_COMMON_BLOCKS = YES;
				GCC_OPTIMIZATION_LEVEL = 0;
				GCC_PREPROCESSOR_DEFINITIONS = (
					"DEBUG=1",
					"$(inherited)",
				);
				GCC_WARN_64_TO_32_BIT_CONVERSION = YES;
				GCC_WARN_ABOUT_RETURN_TYPE = YES_ERROR;
				GCC_WARN_UNDECLARED_SELECTOR = YES;
				GCC_WARN_UNINITIALIZED_AUTOS = YES_AGGRESSIVE;
				GCC_WARN_UNUSED_FUNCTION = YES;
				GCC_WARN_UNUSED_VARIABLE = YES;
				IPHONEOS_DEPLOYMENT_TARGET = 26.2;
				LOCALIZATION_PREFERS_STRING_CATALOGS = YES;
				MTL_ENABLE_DEBUG_INFO = INCLUDE_SOURCE;
				MTL_FAST_MATH = YES;
				ONLY_ACTIVE_ARCH = YES;
				SDKROOT = iphoneos;
				SWIFT_ACTIVE_COMPILATION_CONDITIONS = "DEBUG $(inherited)";
				SWIFT_EMIT_LOC_STRINGS = YES;
				SWIFT_OPTIMIZATION_LEVEL = "-Onone";
			};
			name = Debug;
		};
		FE2430792EF4BCDC00BCA4CA /* Release */ = {
			isa = XCBuildConfiguration;
			buildSettings = {
				ALWAYS_SEARCH_USER_PATHS = NO;
				ASSETCATALOG_COMPILER_GENERATE_SWIFT_ASSET_SYMBOL_EXTENSIONS = YES;
				CLANG_ANALYZER_NONNULL = YES;
				CLANG_ANALYZER_NUMBER_OBJECT_CONVERSION = YES_AGGRESSIVE;
				CLANG_CXX_LANGUAGE_STANDARD = "gnu++20";
				CLANG_ENABLE_MODULES = YES;
				CLANG_ENABLE_OBJC_ARC = YES;
				CLANG_ENABLE_OBJC_WEAK = YES;
				CLANG_WARN_BLOCK_CAPTURE_AUTORELEASING = YES;
				CLANG_WARN_BOOL_CONVERSION = YES;
				CLANG_WARN_COMMA = YES;
				CLANG_WARN_CONSTANT_CONVERSION = YES;
				CLANG_WARN_DEPRECATED_OBJC_IMPLEMENTATIONS = YES;
				CLANG_WARN_DIRECT_OBJC_ISA_USAGE = YES_ERROR;
				CLANG_WARN_DOCUMENTATION_COMMENTS = YES;
				CLANG_WARN_EMPTY_BODY = YES;
				CLANG_WARN_ENUM_CONVERSION = YES;
				CLANG_WARN_INFINITE_RECURSION = YES;
				CLANG_WARN_INT_CONVERSION = YES;
				CLANG_WARN_NON_LITERAL_NULL_CONVERSION = YES;
				CLANG_WARN_OBJC_IMPLICIT_RETAIN_SELF = YES;
				CLANG_WARN_OBJC_LITERAL_CONVERSION = YES;
				CLANG_WARN_OBJC_ROOT_CLASS = YES_ERROR;
				CLANG_WARN_QUOTED_INCLUDE_IN_FRAMEWORK_HEADER = YES;
				CLANG_WARN_RANGE_LOOP_ANALYSIS = YES;
				CLANG_WARN_STRICT_PROTOTYPES = YES;
				CLANG_WARN_SUSPICIOUS_MOVE = YES;
				CLANG_WARN_UNGUARDED_AVAILABILITY = YES_AGGRESSIVE;
				CLANG_WARN_UNREACHABLE_CODE = YES;
				CLANG_WARN__DUPLICATE_METHOD_MATCH = YES;
				COPY_PHASE_STRIP = NO;
				DEBUG_INFORMATION_FORMAT = "dwarf-with-dsym";
				ENABLE_NS_ASSERTIONS = NO;
				ENABLE_STRICT_OBJC_MSGSEND = YES;
				ENABLE_USER_SCRIPT_SANDBOXING = YES;
				GCC_C_LANGUAGE_STANDARD = gnu17;
				GCC_NO_COMMON_BLOCKS = YES;
				GCC_WARN_64_TO_32_BIT_CONVERSION = YES;
				GCC_WARN_ABOUT_RETURN_TYPE = YES_ERROR;
				GCC_WARN_UNDECLARED_SELECTOR = YES;
				GCC_WARN_UNINITIALIZED_AUTOS = YES_AGGRESSIVE;
				GCC_WARN_UNUSED_FUNCTION = YES;
				GCC_WARN_UNUSED_VARIABLE = YES;
				IPHONEOS_DEPLOYMENT_TARGET = 26.2;
				LOCALIZATION_PREFERS_STRING_CATALOGS = YES;
				MTL_ENABLE_DEBUG_INFO = NO;
				MTL_FAST_MATH = YES;
				SDKROOT = iphoneos;
				SWIFT_COMPILATION_MODE = wholemodule;
				SWIFT_EMIT_LOC_STRINGS = YES;
				VALIDATE_PRODUCT = YES;
			};
			name = Release;
		};
		FE24307B2EF4BCDC00BCA4CA /* Debug */ = {
			isa = XCBuildConfiguration;
			buildSettings = {
				BUNDLE_LOADER = "$(TEST_HOST)";
				CODE_SIGN_STYLE = Automatic;
				CURRENT_PROJECT_VERSION = 1;
				GENERATE_INFOPLIST_FILE = YES;
				IPHONEOS_DEPLOYMENT_TARGET = 26.2;
				MARKETING_VERSION = 1.0;
				PRODUCT_BUNDLE_IDENTIFIER = "com.geovanelima.film-box-appTests";
				PRODUCT_NAME = "$(TARGET_NAME)";
				STRING_CATALOG_GENERATE_SYMBOLS = NO;
				SWIFT_APPROACHABLE_CONCURRENCY = YES;
				SWIFT_EMIT_LOC_STRINGS = NO;
				SWIFT_UPCOMING_FEATURE_MEMBER_IMPORT_VISIBILITY = YES;
				SWIFT_VERSION = 5.0;
				TARGETED_DEVICE_FAMILY = "1,2";
				TEST_HOST = "$(BUILT_PRODUCTS_DIR)/film-box-app.app/$(BUNDLE_EXECUTABLE_FOLDER_PATH)/film-box-app";
			};
			name = Debug;
		};
		FE24307C2EF4BCDC00BCA4CA /* Release */ = {
			isa = XCBuildConfiguration;
			buildSettings = {
				BUNDLE_LOADER = "$(TEST_HOST)";
				CODE_SIGN_STYLE = Automatic;
				CURRENT_PROJECT_VERSION = 1;
				GENERATE_INFOPLIST_FILE = YES;
				IPHONEOS_DEPLOYMENT_TARGET = 26.2;
				MARKETING_VERSION = 1.0;
				PRODUCT_BUNDLE_IDENTIFIER = "com.geovanelima.film-box-appTests";
				PRODUCT_NAME = "$(TARGET_NAME)";
				STRING_CATALOG_GENERATE_SYMBOLS = NO;
				SWIFT_APPROACHABLE_CONCURRENCY = YES;
				SWIFT_EMIT_LOC_STRINGS = NO;
				SWIFT_UPCOMING_FEATURE_MEMBER_IMPORT_VISIBILITY = YES;
				SWIFT_VERSION = 5.0;
				TARGETED_DEVICE_FAMILY = "1,2";
				TEST_HOST = "$(BUILT_PRODUCTS_DIR)/film-box-app.app/$(BUNDLE_EXECUTABLE_FOLDER_PATH)/film-box-app";
			};
			name = Release;
		};
		FE24307E2EF4BCDC00BCA4CA /* Debug */ = {
			isa = XCBuildConfiguration;
			buildSettings = {
				CODE_SIGN_STYLE = Automatic;
				CURRENT_PROJECT_VERSION = 1;
				GENERATE_INFOPLIST_FILE = YES;
				MARKETING_VERSION = 1.0;
				PRODUCT_BUNDLE_IDENTIFIER = "com.geovanelima.film-box-appUITests";
				PRODUCT_NAME = "$(TARGET_NAME)";
				STRING_CATALOG_GENERATE_SYMBOLS = NO;
				SWIFT_APPROACHABLE_CONCURRENCY = YES;
				SWIFT_EMIT_LOC_STRINGS = NO;
				SWIFT_UPCOMING_FEATURE_MEMBER_IMPORT_VISIBILITY = YES;
				SWIFT_VERSION = 5.0;
				TARGETED_DEVICE_FAMILY = "1,2";
				TEST_TARGET_NAME = "film-box-app";
			};
			name = Debug;
		};
		FE24307F2EF4BCDC00BCA4CA /* Release */ = {
			isa = XCBuildConfiguration;
			buildSettings = {
				CODE_SIGN_STYLE = Automatic;
				CURRENT_PROJECT_VERSION = 1;
				GENERATE_INFOPLIST_FILE = YES;
				MARKETING_VERSION = 1.0;
				PRODUCT_BUNDLE_IDENTIFIER = "com.geovanelima.film-box-appUITests";
				PRODUCT_NAME = "$(TARGET_NAME)";
				STRING_CATALOG_GENERATE_SYMBOLS = NO;
				SWIFT_APPROACHABLE_CONCURRENCY = YES;
				SWIFT_EMIT_LOC_STRINGS = NO;
				SWIFT_UPCOMING_FEATURE_MEMBER_IMPORT_VISIBILITY = YES;
				SWIFT_VERSION = 5.0;
				TARGETED_DEVICE_FAMILY = "1,2";
				TEST_TARGET_NAME = "film-box-app";
			};
			name = Release;
		};
/* End XCBuildConfiguration section */

/* Begin XCConfigurationList section */
		FE2430472EF4BCDA00BCA4CA /* Build configuration list for PBXProject "film-box-app" */ = {
			isa = XCConfigurationList;
			buildConfigurations = (
				FE2430782EF4BCDC00BCA4CA /* Debug */,
				FE2430792EF4BCDC00BCA4CA /* Release */,
			);
			defaultConfigurationIsVisible = 0;
			defaultConfigurationName = Release;
		};
		FE2430752EF4BCDC00BCA4CA /* Build configuration list for PBXNativeTarget "film-box-app" */ = {
			isa = XCConfigurationList;
			buildConfigurations = (
				FE2430762EF4BCDC00BCA4CA /* Debug */,
				FE2430772EF4BCDC00BCA4CA /* Release */,
			);
			defaultConfigurationIsVisible = 0;
			defaultConfigurationName = Release;
		};
		FE24307A2EF4BCDC00BCA4CA /* Build configuration list for PBXNativeTarget "film-box-appTests" */ = {
			isa = XCConfigurationList;
			buildConfigurations = (
				FE24307B2EF4BCDC00BCA4CA /* Debug */,
				FE24307C2EF4BCDC00BCA4CA /* Release */,
			);
			defaultConfigurationIsVisible = 0;
			defaultConfigurationName = Release;
		};
		FE24307D2EF4BCDC00BCA4CA /* Build configuration list for PBXNativeTarget "film-box-appUITests" */ = {
			isa = XCConfigurationList;
			buildConfigurations = (
				FE24307E2EF4BCDC00BCA4CA /* Debug */,
				FE24307F2EF4BCDC00BCA4CA /* Release */,
			);
			defaultConfigurationIsVisible = 0;
			defaultConfigurationName = Release;
		};
/* End XCConfigurationList section */
	};
	rootObject = FE2430442EF4BCDA00BCA4CA /* Project object */;
}
